{
  "name": "croct",
  "lockfileVersion": 2,
  "requires": true,
  "packages": {
    "": {
      "dependencies": {
        "@croct/plug": "^0.13.3"
      }
    },
    "node_modules/@croct/json": {
      "version": "2.1.0",
      "resolved": "https://registry.npmjs.org/@croct/json/-/json-2.1.0.tgz",
      "integrity": "sha512-UrWfjNQVlBxN+OVcFwHmkjARMW55MBN04E9KfGac8ac8z1QnFVuiOOFtMWXCk3UwsyRqhsNaFoYLZC+xxqsVjQ=="
    },
    "node_modules/@croct/plug": {
      "version": "0.13.3",
      "resolved": "https://registry.npmjs.org/@croct/plug/-/plug-0.13.3.tgz",
      "integrity": "sha512-XvRKHk88S5ikfDMucnTmiMl1Cy/E8CdfNPloHPSfiKlebOHSo2X788HDdmPtuC3f6Y0RA0q2/saEma8jq4n9ZA==",
      "dependencies": {
        "@croct/json": "^2.0.1",
        "@croct/sdk": "^0.14.0",
        "tslib": "^2.2.0"
      }
    },
    "node_modules/@croct/sdk": {
      "version": "0.14.0",
      "resolved": "https://registry.npmjs.org/@croct/sdk/-/sdk-0.14.0.tgz",
      "integrity": "sha512-Xuhv1Zz/9joTktEOlRHaVsjGdqKALQcVwJtWMbJuTHpq8IyE1WJZ3tBuNGOXv+YuPIehF5CMfs93NSUUnb5Xyg==",
      "dependencies": {
        "@croct/json": "^2.0.1",
        "tslib": "^2.5.0"
      },
      "engines": {
        "node": ">=10"
      }
    },
    "node_modules/tslib": {
      "version": "2.6.2",
      "resolved": "https://registry.npmjs.org/tslib/-/tslib-2.6.2.tgz",
      "integrity": "sha512-AEYxH93jGFPn/a2iVAwW87VuUIkR1FVUKB77NwMF7nBTDkDrrT/Hpt/IrCJ0QXhW27jTBDcf5ZY7w6RiqTMw2Q=="
    }
  },
  "dependencies": {
    "@croct/json": {
      "version": "2.1.0",
      "resolved": "https://registry.npmjs.org/@croct/json/-/json-2.1.0.tgz",
      "integrity": "sha512-UrWfjNQVlBxN+OVcFwHmkjARMW55MBN04E9KfGac8ac8z1QnFVuiOOFtMWXCk3UwsyRqhsNaFoYLZC+xxqsVjQ=="
    },
    "@croct/plug": {
      "version": "0.13.3",
      "resolved": "https://registry.npmjs.org/@croct/plug/-/plug-0.13.3.tgz",
      "integrity": "sha512-XvRKHk88S5ikfDMucnTmiMl1Cy/E8CdfNPloHPSfiKlebOHSo2X788HDdmPtuC3f6Y0RA0q2/saEma8jq4n9ZA==",
      "requires": {
        "@croct/json": "^2.0.1",
        "@croct/sdk": "^0.14.0",
        "tslib": "^2.2.0"
      }
    },
    "@croct/sdk": {
      "version": "0.14.0",
      "resolved": "https://registry.npmjs.org/@croct/sdk/-/sdk-0.14.0.tgz",
      "integrity": "sha512-Xuhv1Zz/9joTktEOlRHaVsjGdqKALQcVwJtWMbJuTHpq8IyE1WJZ3tBuNGOXv+YuPIehF5CMfs93NSUUnb5Xyg==",
      "requires": {
        "@croct/json": "^2.0.1",
        "tslib": "^2.5.0"
      }
    },
    "tslib": {
      "version": "2.6.2",
      "resolved": "https://registry.npmjs.org/tslib/-/tslib-2.6.2.tgz",
      "integrity": "sha512-AEYxH93jGFPn/a2iVAwW87VuUIkR1FVUKB77NwMF7nBTDkDrrT/Hpt/IrCJ0QXhW27jTBDcf5ZY7w6RiqTMw2Q=="
    }
  }
}
